// !$*UTF8*$!
{
	archiveVersion = 1;
	classes = {
	};
	objectVersion = 56;
	objects = {

/* Begin PBXBuildFile section */
		4601C2F22B050AF900A297CE /* StartViewModel.swift in Sources */ = {isa = PBXBuildFile; fileRef = 4601C2F12B050AF900A297CE /* StartViewModel.swift */; };
		4601C2F52B050DB700A297CE /* QuizView.swift in Sources */ = {isa = PBXBuildFile; fileRef = 4601C2F42B050DB700A297CE /* QuizView.swift */; };
		4601C2F72B0515AA00A297CE /* QuizViewModel.swift in Sources */ = {isa = PBXBuildFile; fileRef = 4601C2F62B0515AA00A297CE /* QuizViewModel.swift */; };
		46BD23BB2B0423D300768D2D /* XMTestAppApp.swift in Sources */ = {isa = PBXBuildFile; fileRef = 46BD23BA2B0423D300768D2D /* XMTestAppApp.swift */; };
		46BD23BD2B0423D300768D2D /* StartView.swift in Sources */ = {isa = PBXBuildFile; fileRef = 46BD23BC2B0423D300768D2D /* StartView.swift */; };
		46BD23BF2B0423D300768D2D /* Assets.xcassets in Resources */ = {isa = PBXBuildFile; fileRef = 46BD23BE2B0423D300768D2D /* Assets.xcassets */; };
		46BD23C22B0423D300768D2D /* Preview Assets.xcassets in Resources */ = {isa = PBXBuildFile; fileRef = 46BD23C12B0423D300768D2D /* Preview Assets.xcassets */; };
		46BD23C92B04299900768D2D /* NetworkManager.swift in Sources */ = {isa = PBXBuildFile; fileRef = 46BD23C82B04299900768D2D /* NetworkManager.swift */; };
		46BD23CB2B0429D800768D2D /* Question.swift in Sources */ = {isa = PBXBuildFile; fileRef = 46BD23CA2B0429D800768D2D /* Question.swift */; };
		46BD23CD2B04B21600768D2D /* Answer.swift in Sources */ = {isa = PBXBuildFile; fileRef = 46BD23CC2B04B21600768D2D /* Answer.swift */; };
/* End PBXBuildFile section */

/* Begin PBXFileReference section */
		4601C2F12B050AF900A297CE /* StartViewModel.swift */ = {isa = PBXFileReference; lastKnownFileType = sourcecode.swift; path = StartViewModel.swift; sourceTree = "<group>"; };
		4601C2F42B050DB700A297CE /* QuizView.swift */ = {isa = PBXFileReference; lastKnownFileType = sourcecode.swift; path = QuizView.swift; sourceTree = "<group>"; };
		4601C2F62B0515AA00A297CE /* QuizViewModel.swift */ = {isa = PBXFileReference; lastKnownFileType = sourcecode.swift; path = QuizViewModel.swift; sourceTree = "<group>"; };
		46BD23B72B0423D300768D2D /* XMTestApp.app */ = {isa = PBXFileReference; explicitFileType = wrapper.application; includeInIndex = 0; path = XMTestApp.app; sourceTree = BUILT_PRODUCTS_DIR; };
		46BD23BA2B0423D300768D2D /* XMTestAppApp.swift */ = {isa = PBXFileReference; lastKnownFileType = sourcecode.swift; path = XMTestAppApp.swift; sourceTree = "<group>"; };
		46BD23BC2B0423D300768D2D /* StartView.swift */ = {isa = PBXFileReference; lastKnownFileType = sourcecode.swift; path = StartView.swift; sourceTree = "<group>"; };
		46BD23BE2B0423D300768D2D /* Assets.xcassets */ = {isa = PBXFileReference; lastKnownFileType = folder.assetcatalog; path = Assets.xcassets; sourceTree = "<group>"; };
		46BD23C12B0423D300768D2D /* Preview Assets.xcassets */ = {isa = PBXFileReference; lastKnownFileType = folder.assetcatalog; path = "Preview Assets.xcassets"; sourceTree = "<group>"; };
		46BD23C82B04299900768D2D /* NetworkManager.swift */ = {isa = PBXFileReference; lastKnownFileType = sourcecode.swift; path = NetworkManager.swift; sourceTree = "<group>"; };
		46BD23CA2B0429D800768D2D /* Question.swift */ = {isa = PBXFileReference; lastKnownFileType = sourcecode.swift; path = Question.swift; sourceTree = "<group>"; };
		46BD23CC2B04B21600768D2D /* Answer.swift */ = {isa = PBXFileReference; lastKnownFileType = sourcecode.swift; path = Answer.swift; sourceTree = "<group>"; };
/* End PBXFileReference section */

/* Begin PBXFrameworksBuildPhase section */
		46BD23B42B0423D300768D2D /* Frameworks */ = {
			isa = PBXFrameworksBuildPhase;
			buildActionMask = 2147483647;
			files = (
			);
			runOnlyForDeploymentPostprocessing = 0;
		};
/* End PBXFrameworksBuildPhase section */

/* Begin PBXGroup section */
		4601C2F02B050AEB00A297CE /* StartView */ = {
			isa = PBXGroup;
			children = (
				46BD23BC2B0423D300768D2D /* StartView.swift */,
				4601C2F12B050AF900A297CE /* StartViewModel.swift */,
			);
			path = StartView;
			sourceTree = "<group>";
		};
		4601C2F32B050DA200A297CE /* QuizView */ = {
			isa = PBXGroup;
			children = (
				4601C2F42B050DB700A297CE /* QuizView.swift */,
				4601C2F62B0515AA00A297CE /* QuizViewModel.swift */,
			);
			path = QuizView;
			sourceTree = "<group>";
		};
		4601C2F82B053D7400A297CE /* Model */ = {
			isa = PBXGroup;
			children = (
				46BD23CA2B0429D800768D2D /* Question.swift */,
				46BD23CC2B04B21600768D2D /* Answer.swift */,
			);
			path = Model;
			sourceTree = "<group>";
		};
		46BD23AE2B0423D300768D2D = {
			isa = PBXGroup;
			children = (
				46BD23B92B0423D300768D2D /* XMTestApp */,
				46BD23B82B0423D300768D2D /* Products */,
			);
			sourceTree = "<group>";
		};
		46BD23B82B0423D300768D2D /* Products */ = {
			isa = PBXGroup;
			children = (
				46BD23B72B0423D300768D2D /* XMTestApp.app */,
			);
			name = Products;
			sourceTree = "<group>";
		};
		46BD23B92B0423D300768D2D /* XMTestApp */ = {
			isa = PBXGroup;
			children = (
				4601C2F82B053D7400A297CE /* Model */,
				46BD23BA2B0423D300768D2D /* XMTestAppApp.swift */,
				4601C2F32B050DA200A297CE /* QuizView */,
				4601C2F02B050AEB00A297CE /* StartView */,
				46BD23BE2B0423D300768D2D /* Assets.xcassets */,
				46BD23C02B0423D300768D2D /* Preview Content */,
				46BD23C82B04299900768D2D /* NetworkManager.swift */,
			);
			path = XMTestApp;
			sourceTree = "<group>";
		};
		46BD23C02B0423D300768D2D /* Preview Content */ = {
			isa = PBXGroup;
			children = (
				46BD23C12B0423D300768D2D /* Preview Assets.xcassets */,
			);
			path = "Preview Content";
			sourceTree = "<group>";
		};
/* End PBXGroup section */

/* Begin PBXNativeTarget section */
		46BD23B62B0423D300768D2D /* XMTestApp */ = {
			isa = PBXNativeTarget;
			buildConfigurationList = 46BD23C52B0423D300768D2D /* Build configuration list for PBXNativeTarget "XMTestApp" */;
			buildPhases = (
				46BD23B32B0423D300768D2D /* Sources */,
				46BD23B42B0423D300768D2D /* Frameworks */,
				46BD23B52B0423D300768D2D /* Resources */,
			);
			buildRules = (
			);
			dependencies = (
			);
			name = XMTestApp;
			productName = XMTestApp;
			productReference = 46BD23B72B0423D300768D2D /* XMTestApp.app */;
			productType = "com.apple.product-type.application";
		};
/* End PBXNativeTarget section */

/* Begin PBXProject section */
		46BD23AF2B0423D300768D2D /* Project object */ = {
			isa = PBXProject;
			attributes = {
				BuildIndependentTargetsInParallel = 1;
				LastSwiftUpdateCheck = 1430;
				LastUpgradeCheck = 1430;
				TargetAttributes = {
					46BD23B62B0423D300768D2D = {
						CreatedOnToolsVersion = 14.3;
					};
				};
			};
			buildConfigurationList = 46BD23B22B0423D300768D2D /* Build configuration list for PBXProject "XMTestApp" */;
			compatibilityVersion = "Xcode 14.0";
			developmentRegion = en;
			hasScannedForEncodings = 0;
			knownRegions = (
				en,
				Base,
			);
			mainGroup = 46BD23AE2B0423D300768D2D;
			productRefGroup = 46BD23B82B0423D300768D2D /* Products */;
			projectDirPath = "";
			projectRoot = "";
			targets = (
				46BD23B62B0423D300768D2D /* XMTestApp */,
			);
		};
/* End PBXProject section */

/* Begin PBXResourcesBuildPhase section */
		46BD23B52B0423D300768D2D /* Resources */ = {
			isa = PBXResourcesBuildPhase;
			buildActionMask = 2147483647;
			files = (
				46BD23C22B0423D300768D2D /* Preview Assets.xcassets in Resources */,
				46BD23BF2B0423D300768D2D /* Assets.xcassets in Resources */,
			);
			runOnlyForDeploymentPostprocessing = 0;
		};
/* End PBXResourcesBuildPhase section */

/* Begin PBXSourcesBuildPhase section */
		46BD23B32B0423D300768D2D /* Sources */ = {
			isa = PBXSourcesBuildPhase;
			buildActionMask = 2147483647;
			files = (
				46BD23C92B04299900768D2D /* NetworkManager.swift in Sources */,
				4601C2F22B050AF900A297CE /* StartViewModel.swift in Sources */,
				46BD23CB2B0429D800768D2D /* Question.swift in Sources */,
				4601C2F72B0515AA00A297CE /* QuizViewModel.swift in Sources */,
				46BD23CD2B04B21600768D2D /* Answer.swift in Sources */,
				4601C2F52B050DB700A297CE /* QuizView.swift in Sources */,
				46BD23BD2B0423D300768D2D /* StartView.swift in Sources */,
				46BD23BB2B0423D300768D2D /* XMTestAppApp.swift in Sources */,
			);
			runOnlyForDeploymentPostprocessing = 0;
		};
/* End PBXSourcesBuildPhase section */

/* Begin XCBuildConfiguration section */
		46BD23C32B0423D300768D2D /* Debug */ = {
			isa = XCBuildConfiguration;
			buildSettings = {
				ALWAYS_SEARCH_USER_PATHS = NO;
				CLANG_ANALYZER_NONNULL = YES;
				CLANG_ANALYZER_NUMBER_OBJECT_CONVERSION = YES_AGGRESSIVE;
				CLANG_CXX_LANGUAGE_STANDARD = "gnu++20";
				CLANG_ENABLE_MODULES = YES;
				CLANG_ENABLE_OBJC_ARC = YES;
				CLANG_ENABLE_OBJC_WEAK = YES;
				CLANG_WARN_BLOCK_CAPTURE_AUTORELEASING = YES;
				CLANG_WARN_BOOL_CONVERSION = YES;
				CLANG_WARN_COMMA = YES;
				CLANG_WARN_CONSTANT_CONVERSION = YES;
				CLANG_WARN_DEPRECATED_OBJC_IMPLEMENTATIONS = YES;
				CLANG_WARN_DIRECT_OBJC_ISA_USAGE = YES_ERROR;
				CLANG_WARN_DOCUMENTATION_COMMENTS = YES;
				CLANG_WARN_EMPTY_BODY = YES;
				CLANG_WARN_ENUM_CONVERSION = YES;
				CLANG_WARN_INFINITE_RECURSION = YES;
				CLANG_WARN_INT_CONVERSION = YES;
				CLANG_WARN_NON_LITERAL_NULL_CONVERSION = YES;
				CLANG_WARN_OBJC_IMPLICIT_RETAIN_SELF = YES;
				CLANG_WARN_OBJC_LITERAL_CONVERSION = YES;
				CLANG_WARN_OBJC_ROOT_CLASS = YES_ERROR;
				CLANG_WARN_QUOTED_INCLUDE_IN_FRAMEWORK_HEADER = YES;
				CLANG_WARN_RANGE_LOOP_ANALYSIS = YES;
				CLANG_WARN_STRICT_PROTOTYPES = YES;
				CLANG_WARN_SUSPICIOUS_MOVE = YES;
				CLANG_WARN_UNGUARDED_AVAILABILITY = YES_AGGRESSIVE;
				CLANG_WARN_UNREACHABLE_CODE = YES;
				CLANG_WARN__DUPLICATE_METHOD_MATCH = YES;
				COPY_PHASE_STRIP = NO;
				DEBUG_INFORMATION_FORMAT = dwarf;
				ENABLE_STRICT_OBJC_MSGSEND = YES;
				ENABLE_TESTABILITY = YES;
				GCC_C_LANGUAGE_STANDARD = gnu11;
				GCC_DYNAMIC_NO_PIC = NO;
				GCC_NO_COMMON_BLOCKS = YES;
				GCC_OPTIMIZATION_LEVEL = 0;
				GCC_PREPROCESSOR_DEFINITIONS = (
					"DEBUG=1",
					"$(inherited)",
				);
				GCC_WARN_64_TO_32_BIT_CONVERSION = YES;
				GCC_WARN_ABOUT_RETURN_TYPE = YES_ERROR;
				GCC_WARN_UNDECLARED_SELECTOR = YES;
				GCC_WARN_UNINITIALIZED_AUTOS = YES_AGGRESSIVE;
				GCC_WARN_UNUSED_FUNCTION = YES;
				GCC_WARN_UNUSED_VARIABLE = YES;
				IPHONEOS_DEPLOYMENT_TARGET = 16.4;
				MTL_ENABLE_DEBUG_INFO = INCLUDE_SOURCE;
				MTL_FAST_MATH = YES;
				ONLY_ACTIVE_ARCH = YES;
				SDKROOT = iphoneos;
				SWIFT_ACTIVE_COMPILATION_CONDITIONS = DEBUG;
				SWIFT_OPTIMIZATION_LEVEL = "-Onone";
			};
			name = Debug;
		};
		46BD23C42B0423D300768D2D /* Release */ = {
			isa = XCBuildConfiguration;
			buildSettings = {
				ALWAYS_SEARCH_USER_PATHS = NO;
				CLANG_ANALYZER_NONNULL = YES;
				CLANG_ANALYZER_NUMBER_OBJECT_CONVERSION = YES_AGGRESSIVE;
				CLANG_CXX_LANGUAGE_STANDARD = "gnu++20";
				CLANG_ENABLE_MODULES = YES;
				CLANG_ENABLE_OBJC_ARC = YES;
				CLANG_ENABLE_OBJC_WEAK = YES;
				CLANG_WARN_BLOCK_CAPTURE_AUTORELEASING = YES;
				CLANG_WARN_BOOL_CONVERSION = YES;
				CLANG_WARN_COMMA = YES;
				CLANG_WARN_CONSTANT_CONVERSION = YES;
				CLANG_WARN_DEPRECATED_OBJC_IMPLEMENTATIONS = YES;
				CLANG_WARN_DIRECT_OBJC_ISA_USAGE = YES_ERROR;
				CLANG_WARN_DOCUMENTATION_COMMENTS = YES;
				CLANG_WARN_EMPTY_BODY = YES;
				CLANG_WARN_ENUM_CONVERSION = YES;
				CLANG_WARN_INFINITE_RECURSION = YES;
				CLANG_WARN_INT_CONVERSION = YES;
				CLANG_WARN_NON_LITERAL_NULL_CONVERSION = YES;
				CLANG_WARN_OBJC_IMPLICIT_RETAIN_SELF = YES;
				CLANG_WARN_OBJC_LITERAL_CONVERSION = YES;
				CLANG_WARN_OBJC_ROOT_CLASS = YES_ERROR;
				CLANG_WARN_QUOTED_INCLUDE_IN_FRAMEWORK_HEADER = YES;
				CLANG_WARN_RANGE_LOOP_ANALYSIS = YES;
				CLANG_WARN_STRICT_PROTOTYPES = YES;
				CLANG_WARN_SUSPICIOUS_MOVE = YES;
				CLANG_WARN_UNGUARDED_AVAILABILITY = YES_AGGRESSIVE;
				CLANG_WARN_UNREACHABLE_CODE = YES;
				CLANG_WARN__DUPLICATE_METHOD_MATCH = YES;
				COPY_PHASE_STRIP = NO;
				DEBUG_INFORMATION_FORMAT = "dwarf-with-dsym";
				ENABLE_NS_ASSERTIONS = NO;
				ENABLE_STRICT_OBJC_MSGSEND = YES;
				GCC_C_LANGUAGE_STANDARD = gnu11;
				GCC_NO_COMMON_BLOCKS = YES;
				GCC_WARN_64_TO_32_BIT_CONVERSION = YES;
				GCC_WARN_ABOUT_RETURN_TYPE = YES_ERROR;
				GCC_WARN_UNDECLARED_SELECTOR = YES;
				GCC_WARN_UNINITIALIZED_AUTOS = YES_AGGRESSIVE;
				GCC_WARN_UNUSED_FUNCTION = YES;
				GCC_WARN_UNUSED_VARIABLE = YES;
				IPHONEOS_DEPLOYMENT_TARGET = 16.4;
				MTL_ENABLE_DEBUG_INFO = NO;
				MTL_FAST_MATH = YES;
				SDKROOT = iphoneos;
				SWIFT_COMPILATION_MODE = wholemodule;
				SWIFT_OPTIMIZATION_LEVEL = "-O";
				VALIDATE_PRODUCT = YES;
			};
			name = Release;
		};
		46BD23C62B0423D300768D2D /* Debug */ = {
			isa = XCBuildConfiguration;
			buildSettings = {
				ASSETCATALOG_COMPILER_APPICON_NAME = AppIcon;
				ASSETCATALOG_COMPILER_GLOBAL_ACCENT_COLOR_NAME = AccentColor;
				CODE_SIGN_STYLE = Automatic;
				CURRENT_PROJECT_VERSION = 1;
				DEVELOPMENT_ASSET_PATHS = "\"XMTestApp/Preview Content\"";
				DEVELOPMENT_TEAM = PTGL3PAGC5;
				ENABLE_PREVIEWS = YES;
				GENERATE_INFOPLIST_FILE = YES;
				INFOPLIST_KEY_UIApplicationSceneManifest_Generation = YES;
				INFOPLIST_KEY_UIApplicationSupportsIndirectInputEvents = YES;
				INFOPLIST_KEY_UILaunchScreen_Generation = YES;
				INFOPLIST_KEY_UISupportedInterfaceOrientations_iPad = "UIInterfaceOrientationPortrait UIInterfaceOrientationPortraitUpsideDown UIInterfaceOrientationLandscapeLeft UIInterfaceOrientationLandscapeRight";
				INFOPLIST_KEY_UISupportedInterfaceOrientations_iPhone = "UIInterfaceOrientationPortrait UIInterfaceOrientationLandscapeLeft UIInterfaceOrientationLandscapeRight";
				LD_RUNPATH_SEARCH_PATHS = (
					"$(inherited)",
					"@executable_path/Frameworks",
				);
				MARKETING_VERSION = 1.0;
				PRODUCT_BUNDLE_IDENTIFIER = personal.XMTestApp;
				PRODUCT_NAME = "$(TARGET_NAME)";
				SWIFT_EMIT_LOC_STRINGS = YES;
				SWIFT_VERSION = 5.0;
				TARGETED_DEVICE_FAMILY = "1,2";
			};
			name = Debug;
		};
		46BD23C72B0423D300768D2D /* Release */ = {
			isa = XCBuildConfiguration;
			buildSettings = {
				ASSETCATALOG_COMPILER_APPICON_NAME = AppIcon;
				ASSETCATALOG_COMPILER_GLOBAL_ACCENT_COLOR_NAME = AccentColor;
				CODE_SIGN_STYLE = Automatic;
				CURRENT_PROJECT_VERSION = 1;
				DEVELOPMENT_ASSET_PATHS = "\"XMTestApp/Preview Content\"";
				DEVELOPMENT_TEAM = PTGL3PAGC5;
				ENABLE_PREVIEWS = YES;
				GENERATE_INFOPLIST_FILE = YES;
				INFOPLIST_KEY_UIApplicationSceneManifest_Generation = YES;
				INFOPLIST_KEY_UIApplicationSupportsIndirectInputEvents = YES;
				INFOPLIST_KEY_UILaunchScreen_Generation = YES;
				INFOPLIST_KEY_UISupportedInterfaceOrientations_iPad = "UIInterfaceOrientationPortrait UIInterfaceOrientationPortraitUpsideDown UIInterfaceOrientationLandscapeLeft UIInterfaceOrientationLandscapeRight";
				INFOPLIST_KEY_UISupportedInterfaceOrientations_iPhone = "UIInterfaceOrientationPortrait UIInterfaceOrientationLandscapeLeft UIInterfaceOrientationLandscapeRight";
				LD_RUNPATH_SEARCH_PATHS = (
					"$(inherited)",
					"@executable_path/Frameworks",
				);
				MARKETING_VERSION = 1.0;
				PRODUCT_BUNDLE_IDENTIFIER = personal.XMTestApp;
				PRODUCT_NAME = "$(TARGET_NAME)";
				SWIFT_EMIT_LOC_STRINGS = YES;
				SWIFT_VERSION = 5.0;
				TARGETED_DEVICE_FAMILY = "1,2";
			};
			name = Release;
		};
/* End XCBuildConfiguration section */

/* Begin XCConfigurationList section */
		46BD23B22B0423D300768D2D /* Build configuration list for PBXProject "XMTestApp" */ = {
			isa = XCConfigurationList;
			buildConfigurations = (
				46BD23C32B0423D300768D2D /* Debug */,
				46BD23C42B0423D300768D2D /* Release */,
			);
			defaultConfigurationIsVisible = 0;
			defaultConfigurationName = Release;
		};
		46BD23C52B0423D300768D2D /* Build configuration list for PBXNativeTarget "XMTestApp" */ = {
			isa = XCConfigurationList;
			buildConfigurations = (
				46BD23C62B0423D300768D2D /* Debug */,
				46BD23C72B0423D300768D2D /* Release */,
			);
			defaultConfigurationIsVisible = 0;
			defaultConfigurationName = Release;
		};
/* End XCConfigurationList section */
	};
	rootObject = 46BD23AF2B0423D300768D2D /* Project object */;
}
